// !$*UTF8*$!
{
	archiveVersion = 1;
	classes = {
	};
	objectVersion = 77;
	objects = {

/* Begin PBXBuildFile section */
		C90D75CF2FED785C00B293DE /* AccountManager in Frameworks */ = {isa = PBXBuildFile; productRef = C90D75CE2FED785C00B293DE /* AccountManager */; };
		C9AB58FE2FEA4A3300536794 /* StarMapFeature in Frameworks */ = {isa = PBXBuildFile; productRef = C9AB58FD2FEA4A3300536794 /* StarMapFeature */; };
		C9B5305C2FDDD839006F79A8 /* ReplicantApp.swift in Sources */ = {isa = PBXBuildFile; fileRef = C9B530592FDDD839006F79A8 /* ReplicantApp.swift */; };
		C9B5305D2FDDD839006F79A8 /* Assets.xcassets in Resources */ = {isa = PBXBuildFile; fileRef = C9B530572FDDD839006F79A8 /* Assets.xcassets */; };
		C9B530672FDDD950006F79A8 /* ReplicantSplitView.swift in Sources */ = {isa = PBXBuildFile; fileRef = C9B530642FDDD93C006F79A8 /* ReplicantSplitView.swift */; };
		C9B530752FE0A5FC006F79A8 /* MainFeature.swift in Sources */ = {isa = PBXBuildFile; fileRef = C9B530742FE0A5FC006F79A8 /* MainFeature.swift */; };
		C9B530772FE0A60B006F79A8 /* AppFeature.swift in Sources */ = {isa = PBXBuildFile; fileRef = C9B530762FE0A60B006F79A8 /* AppFeature.swift */; };
		C9B5307A2FE0A6D1006F79A8 /* ComposableArchitecture in Frameworks */ = {isa = PBXBuildFile; productRef = C9B530792FE0A6D1006F79A8 /* ComposableArchitecture */; };
		C9B5307C2FE0E385006F79A8 /* AccountView.swift in Sources */ = {isa = PBXBuildFile; fileRef = C9B5307B2FE0E385006F79A8 /* AccountView.swift */; };
		C9B5307E2FE0E38E006F79A8 /* PreferencesFeature.swift in Sources */ = {isa = PBXBuildFile; fileRef = C9B5307D2FE0E38E006F79A8 /* PreferencesFeature.swift */; };
		C9B530952FE1D3AA006F79A8 /* API in Frameworks */ = {isa = PBXBuildFile; productRef = C9B530942FE1D3AA006F79A8 /* API */; };
		C9B530972FE1D3AA006F79A8 /* UI in Frameworks */ = {isa = PBXBuildFile; productRef = C9B530962FE1D3AA006F79A8 /* UI */; };
		C9B530992FE1D3AA006F79A8 /* Utils in Frameworks */ = {isa = PBXBuildFile; productRef = C9B530982FE1D3AA006F79A8 /* Utils */; };
		C9B5309B2FE1DC5E006F79A8 /* LoginFeature in Frameworks */ = {isa = PBXBuildFile; productRef = C9B5309A2FE1DC5E006F79A8 /* LoginFeature */; };
		C9B5309D2FE1DEE2006F79A8 /* DependencyClients in Frameworks */ = {isa = PBXBuildFile; productRef = C9B5309C2FE1DEE2006F79A8 /* DependencyClients */; };
		C9B5309F2FE72B0B006F79A8 /* RawAPIFeature in Frameworks */ = {isa = PBXBuildFile; productRef = C9B5309E2FE72B0B006F79A8 /* RawAPIFeature */; };
		C9D902132FE9DDC000781FBB /* MessagesFeature in Frameworks */ = {isa = PBXBuildFile; productRef = C9D902122FE9DDC000781FBB /* MessagesFeature */; };
/* End PBXBuildFile section */

/* Begin PBXFileReference section */
		C922A8B62FDC493200431320 /* Replicould.app */ = {isa = PBXFileReference; explicitFileType = wrapper.application; includeInIndex = 0; path = Replicould.app; sourceTree = BUILT_PRODUCTS_DIR; };
		C9B530562FDC9D00006F79A8 /* Modules */ = {isa = PBXFileReference; lastKnownFileType = wrapper; path = Modules; sourceTree = "<group>"; };
		C9B530572FDDD839006F79A8 /* Assets.xcassets */ = {isa = PBXFileReference; lastKnownFileType = folder.assetcatalog; path = Assets.xcassets; sourceTree = "<group>"; };
		C9B530592FDDD839006F79A8 /* ReplicantApp.swift */ = {isa = PBXFileReference; lastKnownFileType = sourcecode.swift; path = ReplicantApp.swift; sourceTree = "<group>"; };
		C9B5305F2FDDD93C006F79A8 /* CLAUDE.md */ = {isa = PBXFileReference; lastKnownFileType = net.daringfireball.markdown; path = CLAUDE.md; sourceTree = "<group>"; };
		C9B530602FDDD93C006F79A8 /* DESIGN_SPEC.md */ = {isa = PBXFileReference; lastKnownFileType = net.daringfireball.markdown; path = DESIGN_SPEC.md; sourceTree = "<group>"; };
		C9B530612FDDD93C006F79A8 /* README.md */ = {isa = PBXFileReference; lastKnownFileType = net.daringfireball.markdown; path = README.md; sourceTree = "<group>"; };
		C9B530642FDDD93C006F79A8 /* ReplicantSplitView.swift */ = {isa = PBXFileReference; lastKnownFileType = sourcecode.swift; path = ReplicantSplitView.swift; sourceTree = "<group>"; };
		C9B530742FE0A5FC006F79A8 /* MainFeature.swift */ = {isa = PBXFileReference; lastKnownFileType = sourcecode.swift; path = MainFeature.swift; sourceTree = "<group>"; };
		C9B530762FE0A60B006F79A8 /* AppFeature.swift */ = {isa = PBXFileReference; lastKnownFileType = sourcecode.swift; path = AppFeature.swift; sourceTree = "<group>"; };
		C9B5307B2FE0E385006F79A8 /* AccountView.swift */ = {isa = PBXFileReference; lastKnownFileType = sourcecode.swift; path = AccountView.swift; sourceTree = "<group>"; };
		C9B5307D2FE0E38E006F79A8 /* PreferencesFeature.swift */ = {isa = PBXFileReference; lastKnownFileType = sourcecode.swift; path = PreferencesFeature.swift; sourceTree = "<group>"; };
/* End PBXFileReference section */

/* Begin PBXFileSystemSynchronizedRootGroup section */
		C9AB58FC2FEA3F9500536794 /* SceneKit Galaxy Map */ = {
			isa = PBXFileSystemSynchronizedRootGroup;
			path = "SceneKit Galaxy Map";
			sourceTree = "<group>";
		};
/* End PBXFileSystemSynchronizedRootGroup section */

/* Begin PBXFrameworksBuildPhase section */
		C922A8B32FDC493200431320 /* Frameworks */ = {
			isa = PBXFrameworksBuildPhase;
			buildActionMask = 2147483647;
			files = (
				C9B5307A2FE0A6D1006F79A8 /* ComposableArchitecture in Frameworks */,
				C9B5309F2FE72B0B006F79A8 /* RawAPIFeature in Frameworks */,
				C90D75CF2FED785C00B293DE /* AccountManager in Frameworks */,
				C9B530972FE1D3AA006F79A8 /* UI in Frameworks */,
				C9D902132FE9DDC000781FBB /* MessagesFeature in Frameworks */,
				C9AB58FE2FEA4A3300536794 /* StarMapFeature in Frameworks */,
				C9B5309D2FE1DEE2006F79A8 /* DependencyClients in Frameworks */,
				C9B5309B2FE1DC5E006F79A8 /* LoginFeature in Frameworks */,
				C9B530992FE1D3AA006F79A8 /* Utils in Frameworks */,
				C9B530952FE1D3AA006F79A8 /* API in Frameworks */,
			);
			runOnlyForDeploymentPostprocessing = 0;
		};
/* End PBXFrameworksBuildPhase section */

/* Begin PBXGroup section */
		C922A8AD2FDC493200431320 = {
			isa = PBXGroup;
			children = (
				C9B5305F2FDDD93C006F79A8 /* CLAUDE.md */,
				C9B5305E2FDDD91C006F79A8 /* sandbox */,
				C9B5305A2FDDD839006F79A8 /* macOS */,
				C9B530562FDC9D00006F79A8 /* Modules */,
				C9B5308D2FE1D2CA006F79A8 /* Frameworks */,
				C922A8B72FDC493200431320 /* Products */,
			);
			sourceTree = "<group>";
		};
		C922A8B72FDC493200431320 /* Products */ = {
			isa = PBXGroup;
			children = (
				C922A8B62FDC493200431320 /* Replicould.app */,
			);
			name = Products;
			sourceTree = "<group>";
		};
		C9B5305A2FDDD839006F79A8 /* macOS */ = {
			isa = PBXGroup;
			children = (
				C9B530572FDDD839006F79A8 /* Assets.xcassets */,
				C9B530592FDDD839006F79A8 /* ReplicantApp.swift */,
				C9B530742FE0A5FC006F79A8 /* MainFeature.swift */,
				C9B530762FE0A60B006F79A8 /* AppFeature.swift */,
				C9B5307B2FE0E385006F79A8 /* AccountView.swift */,
				C9B5307D2FE0E38E006F79A8 /* PreferencesFeature.swift */,
			);
			path = macOS;
			sourceTree = "<group>";
		};
		C9B5305E2FDDD91C006F79A8 /* sandbox */ = {
			isa = PBXGroup;
			children = (
				C9B530602FDDD93C006F79A8 /* DESIGN_SPEC.md */,
				C9B530612FDDD93C006F79A8 /* README.md */,
				C9B530642FDDD93C006F79A8 /* ReplicantSplitView.swift */,
				C9AB58FC2FEA3F9500536794 /* SceneKit Galaxy Map */,
			);
			path = sandbox;
			sourceTree = "<group>";
		};
		C9B5308D2FE1D2CA006F79A8 /* Frameworks */ = {
			isa = PBXGroup;
			children = (
			);
			name = Frameworks;
			sourceTree = "<group>";
		};
/* End PBXGroup section */

/* Begin PBXNativeTarget section */
		C922A8B52FDC493200431320 /* Replicould */ = {
			isa = PBXNativeTarget;
			buildConfigurationList = C922A8C12FDC493300431320 /* Build configuration list for PBXNativeTarget "Replicould" */;
			buildPhases = (
				C922A8B22FDC493200431320 /* Sources */,
				C922A8B32FDC493200431320 /* Frameworks */,
				C922A8B42FDC493200431320 /* Resources */,
			);
			buildRules = (
			);
			dependencies = (
			);
			name = Replicould;
			packageProductDependencies = (
				C9B530792FE0A6D1006F79A8 /* ComposableArchitecture */,
				C9B530942FE1D3AA006F79A8 /* API */,
				C9B530962FE1D3AA006F79A8 /* UI */,
				C9B530982FE1D3AA006F79A8 /* Utils */,
				C9B5309A2FE1DC5E006F79A8 /* LoginFeature */,
				C9B5309C2FE1DEE2006F79A8 /* DependencyClients */,
				C9B5309E2FE72B0B006F79A8 /* RawAPIFeature */,
				C9D902122FE9DDC000781FBB /* MessagesFeature */,
				C9AB58FD2FEA4A3300536794 /* StarMapFeature */,
				C90D75CE2FED785C00B293DE /* AccountManager */,
			);
			productName = Replicant;
			productReference = C922A8B62FDC493200431320 /* Replicould.app */;
			productType = "com.apple.product-type.application";
		};
/* End PBXNativeTarget section */

/* Begin PBXProject section */
		C922A8AE2FDC493200431320 /* Project object */ = {
			isa = PBXProject;
			attributes = {
				BuildIndependentTargetsInParallel = 1;
				LastSwiftUpdateCheck = 2660;
				LastUpgradeCheck = 2660;
				TargetAttributes = {
					C922A8B52FDC493200431320 = {
						CreatedOnToolsVersion = 26.6;
					};
				};
			};
			buildConfigurationList = C922A8B12FDC493200431320 /* Build configuration list for PBXProject "Replicould" */;
			developmentRegion = en;
			hasScannedForEncodings = 0;
			knownRegions = (
				en,
				Base,
			);
			mainGroup = C922A8AD2FDC493200431320;
			minimizedProjectReferenceProxies = 1;
			packageReferences = (
				C9B530782FE0A6D1006F79A8 /* XCRemoteSwiftPackageReference "swift-composable-architecture" */,
			);
			preferredProjectObjectVersion = 77;
			productRefGroup = C922A8B72FDC493200431320 /* Products */;
			projectDirPath = "";
			projectRoot = "";
			targets = (
				C922A8B52FDC493200431320 /* Replicould */,
			);
		};
/* End PBXProject section */

/* Begin PBXResourcesBuildPhase section */
		C922A8B42FDC493200431320 /* Resources */ = {
			isa = PBXResourcesBuildPhase;
			buildActionMask = 2147483647;
			files = (
				C9B5305D2FDDD839006F79A8 /* Assets.xcassets in Resources */,
			);
			runOnlyForDeploymentPostprocessing = 0;
		};
/* End PBXResourcesBuildPhase section */

/* Begin PBXSourcesBuildPhase section */
		C922A8B22FDC493200431320 /* Sources */ = {
			isa = PBXSourcesBuildPhase;
			buildActionMask = 2147483647;
			files = (
				C9B530752FE0A5FC006F79A8 /* MainFeature.swift in Sources */,
				C9B5307C2FE0E385006F79A8 /* AccountView.swift in Sources */,
				C9B530672FDDD950006F79A8 /* ReplicantSplitView.swift in Sources */,
				C9B530772FE0A60B006F79A8 /* AppFeature.swift in Sources */,
				C9B5305C2FDDD839006F79A8 /* ReplicantApp.swift in Sources */,
				C9B5307E2FE0E38E006F79A8 /* PreferencesFeature.swift in Sources */,
			);
			runOnlyForDeploymentPostprocessing = 0;
		};
/* End PBXSourcesBuildPhase section */

/* Begin XCBuildConfiguration section */
		C922A8BF2FDC493300431320 /* Debug */ = {
			isa = XCBuildConfiguration;
			buildSettings = {
				ALWAYS_SEARCH_USER_PATHS = NO;
				ASSETCATALOG_COMPILER_GENERATE_SWIFT_ASSET_SYMBOL_EXTENSIONS = YES;
				CLANG_ANALYZER_NONNULL = YES;
				CLANG_ANALYZER_NUMBER_OBJECT_CONVERSION = YES_AGGRESSIVE;
				CLANG_CXX_LANGUAGE_STANDARD = "gnu++20";
				CLANG_ENABLE_MODULES = YES;
				CLANG_ENABLE_OBJC_ARC = YES;
				CLANG_ENABLE_OBJC_WEAK = YES;
				CLANG_WARN_BLOCK_CAPTURE_AUTORELEASING = YES;
				CLANG_WARN_BOOL_CONVERSION = YES;
				CLANG_WARN_COMMA = YES;
				CLANG_WARN_CONSTANT_CONVERSION = YES;
				CLANG_WARN_DEPRECATED_OBJC_IMPLEMENTATIONS = YES;
				CLANG_WARN_DIRECT_OBJC_ISA_USAGE = YES_ERROR;
				CLANG_WARN_DOCUMENTATION_COMMENTS = YES;
				CLANG_WARN_EMPTY_BODY = YES;
				CLANG_WARN_ENUM_CONVERSION = YES;
				CLANG_WARN_INFINITE_RECURSION = YES;
				CLANG_WARN_INT_CONVERSION = YES;
				CLANG_WARN_NON_LITERAL_NULL_CONVERSION = YES;
				CLANG_WARN_OBJC_IMPLICIT_RETAIN_SELF = YES;
				CLANG_WARN_OBJC_LITERAL_CONVERSION = YES;
				CLANG_WARN_OBJC_ROOT_CLASS = YES_ERROR;
				CLANG_WARN_QUOTED_INCLUDE_IN_FRAMEWORK_HEADER = YES;
				CLANG_WARN_RANGE_LOOP_ANALYSIS = YES;
				CLANG_WARN_STRICT_PROTOTYPES = YES;
				CLANG_WARN_SUSPICIOUS_MOVE = YES;
				CLANG_WARN_UNGUARDED_AVAILABILITY = YES_AGGRESSIVE;
				CLANG_WARN_UNREACHABLE_CODE = YES;
				CLANG_WARN__DUPLICATE_METHOD_MATCH = YES;
				COPY_PHASE_STRIP = NO;
				DEBUG_INFORMATION_FORMAT = dwarf;
				DEVELOPMENT_TEAM = YZ7V49P2EH;
				ENABLE_STRICT_OBJC_MSGSEND = YES;
				ENABLE_TESTABILITY = YES;
				ENABLE_USER_SCRIPT_SANDBOXING = YES;
				GCC_C_LANGUAGE_STANDARD = gnu17;
				GCC_DYNAMIC_NO_PIC = NO;
				GCC_NO_COMMON_BLOCKS = YES;
				GCC_OPTIMIZATION_LEVEL = 0;
				GCC_PREPROCESSOR_DEFINITIONS = (
					"DEBUG=1",
					"$(inherited)",
				);
				GCC_WARN_64_TO_32_BIT_CONVERSION = YES;
				GCC_WARN_ABOUT_RETURN_TYPE = YES_ERROR;
				GCC_WARN_UNDECLARED_SELECTOR = YES;
				GCC_WARN_UNINITIALIZED_AUTOS = YES_AGGRESSIVE;
				GCC_WARN_UNUSED_FUNCTION = YES;
				GCC_WARN_UNUSED_VARIABLE = YES;
				LOCALIZATION_PREFERS_STRING_CATALOGS = YES;
				MACOSX_DEPLOYMENT_TARGET = 26.0;
				MTL_ENABLE_DEBUG_INFO = INCLUDE_SOURCE;
				MTL_FAST_MATH = YES;
				ONLY_ACTIVE_ARCH = YES;
				SDKROOT = macosx;
				SWIFT_ACTIVE_COMPILATION_CONDITIONS = "DEBUG $(inherited)";
				SWIFT_OPTIMIZATION_LEVEL = "-Onone";
				SWIFT_VERSION = 6.0;
			};
			name = Debug;
		};
		C922A8C02FDC493300431320 /* Release */ = {
			isa = XCBuildConfiguration;
			buildSettings = {
				ALWAYS_SEARCH_USER_PATHS = NO;
				ASSETCATALOG_COMPILER_GENERATE_SWIFT_ASSET_SYMBOL_EXTENSIONS = YES;
				CLANG_ANALYZER_NONNULL = YES;
				CLANG_ANALYZER_NUMBER_OBJECT_CONVERSION = YES_AGGRESSIVE;
				CLANG_CXX_LANGUAGE_STANDARD = "gnu++20";
				CLANG_ENABLE_MODULES = YES;
				CLANG_ENABLE_OBJC_ARC = YES;
				CLANG_ENABLE_OBJC_WEAK = YES;
				CLANG_WARN_BLOCK_CAPTURE_AUTORELEASING = YES;
				CLANG_WARN_BOOL_CONVERSION = YES;
				CLANG_WARN_COMMA = YES;
				CLANG_WARN_CONSTANT_CONVERSION = YES;
				CLANG_WARN_DEPRECATED_OBJC_IMPLEMENTATIONS = YES;
				CLANG_WARN_DIRECT_OBJC_ISA_USAGE = YES_ERROR;
				CLANG_WARN_DOCUMENTATION_COMMENTS = YES;
				CLANG_WARN_EMPTY_BODY = YES;
				CLANG_WARN_ENUM_CONVERSION = YES;
				CLANG_WARN_INFINITE_RECURSION = YES;
				CLANG_WARN_INT_CONVERSION = YES;
				CLANG_WARN_NON_LITERAL_NULL_CONVERSION = YES;
				CLANG_WARN_OBJC_IMPLICIT_RETAIN_SELF = YES;
				CLANG_WARN_OBJC_LITERAL_CONVERSION = YES;
				CLANG_WARN_OBJC_ROOT_CLASS = YES_ERROR;
				CLANG_WARN_QUOTED_INCLUDE_IN_FRAMEWORK_HEADER = YES;
				CLANG_WARN_RANGE_LOOP_ANALYSIS = YES;
				CLANG_WARN_STRICT_PROTOTYPES = YES;
				CLANG_WARN_SUSPICIOUS_MOVE = YES;
				CLANG_WARN_UNGUARDED_AVAILABILITY = YES_AGGRESSIVE;
				CLANG_WARN_UNREACHABLE_CODE = YES;
				CLANG_WARN__DUPLICATE_METHOD_MATCH = YES;
				COPY_PHASE_STRIP = NO;
				DEBUG_INFORMATION_FORMAT = "dwarf-with-dsym";
				DEVELOPMENT_TEAM = YZ7V49P2EH;
				ENABLE_NS_ASSERTIONS = NO;
				ENABLE_STRICT_OBJC_MSGSEND = YES;
				ENABLE_USER_SCRIPT_SANDBOXING = YES;
				GCC_C_LANGUAGE_STANDARD = gnu17;
				GCC_NO_COMMON_BLOCKS = YES;
				GCC_WARN_64_TO_32_BIT_CONVERSION = YES;
				GCC_WARN_ABOUT_RETURN_TYPE = YES_ERROR;
				GCC_WARN_UNDECLARED_SELECTOR = YES;
				GCC_WARN_UNINITIALIZED_AUTOS = YES_AGGRESSIVE;
				GCC_WARN_UNUSED_FUNCTION = YES;
				GCC_WARN_UNUSED_VARIABLE = YES;
				LOCALIZATION_PREFERS_STRING_CATALOGS = YES;
				MACOSX_DEPLOYMENT_TARGET = 26.0;
				MTL_ENABLE_DEBUG_INFO = NO;
				MTL_FAST_MATH = YES;
				SDKROOT = macosx;
				SWIFT_COMPILATION_MODE = wholemodule;
				SWIFT_VERSION = 6.0;
			};
			name = Release;
		};
		C922A8C22FDC493300431320 /* Debug */ = {
			isa = XCBuildConfiguration;
			buildSettings = {
				ASSETCATALOG_COMPILER_APPICON_NAME = AppIcon;
				ASSETCATALOG_COMPILER_GLOBAL_ACCENT_COLOR_NAME = AccentColor;
				CODE_SIGN_STYLE = Automatic;
				COMBINE_HIDPI_IMAGES = YES;
				CURRENT_PROJECT_VERSION = 1;
				DEVELOPMENT_TEAM = YZ7V49P2EH;
				ENABLE_APP_SANDBOX = YES;
				ENABLE_HARDENED_RUNTIME = YES;
				ENABLE_INCOMING_NETWORK_CONNECTIONS = NO;
				ENABLE_OUTGOING_NETWORK_CONNECTIONS = YES;
				ENABLE_PREVIEWS = YES;
				ENABLE_RESOURCE_ACCESS_AUDIO_INPUT = NO;
				ENABLE_RESOURCE_ACCESS_BLUETOOTH = NO;
				ENABLE_RESOURCE_ACCESS_CALENDARS = NO;
				ENABLE_RESOURCE_ACCESS_CAMERA = NO;
				ENABLE_RESOURCE_ACCESS_CONTACTS = NO;
				ENABLE_RESOURCE_ACCESS_LOCATION = NO;
				ENABLE_RESOURCE_ACCESS_PRINTING = NO;
				ENABLE_RESOURCE_ACCESS_USB = NO;
				ENABLE_USER_SELECTED_FILES = readonly;
				GENERATE_INFOPLIST_FILE = YES;
				INFOPLIST_KEY_NSHumanReadableCopyright = "";
				LD_RUNPATH_SEARCH_PATHS = (
					"$(inherited)",
					"@executable_path/../Frameworks",
				);
				MACOSX_DEPLOYMENT_TARGET = 26.0;
				MARKETING_VERSION = 1.0;
				NEW_SETTING = "";
				PRODUCT_BUNDLE_IDENTIFIER = name.pennig.replicould;
				PRODUCT_NAME = "$(TARGET_NAME)";
				REGISTER_APP_GROUPS = YES;
				STRING_CATALOG_GENERATE_SYMBOLS = YES;
				SWIFT_APPROACHABLE_CONCURRENCY = YES;
				SWIFT_DEFAULT_ACTOR_ISOLATION = nonisolated;
				SWIFT_EMIT_LOC_STRINGS = YES;
				SWIFT_UPCOMING_FEATURE_MEMBER_IMPORT_VISIBILITY = YES;
				SWIFT_VERSION = 6.0;
			};
			name = Debug;
		};
		C922A8C32FDC493300431320 /* Release */ = {
			isa = XCBuildConfiguration;
			buildSettings = {
				ASSETCATALOG_COMPILER_APPICON_NAME = AppIcon;
				ASSETCATALOG_COMPILER_GLOBAL_ACCENT_COLOR_NAME = AccentColor;
				CODE_SIGN_STYLE = Automatic;
				COMBINE_HIDPI_IMAGES = YES;
				CURRENT_PROJECT_VERSION = 1;
				DEVELOPMENT_TEAM = YZ7V49P2EH;
				ENABLE_APP_SANDBOX = YES;
				ENABLE_HARDENED_RUNTIME = YES;
				ENABLE_INCOMING_NETWORK_CONNECTIONS = NO;
				ENABLE_OUTGOING_NETWORK_CONNECTIONS = YES;
				ENABLE_PREVIEWS = YES;
				ENABLE_RESOURCE_ACCESS_AUDIO_INPUT = NO;
				ENABLE_RESOURCE_ACCESS_BLUETOOTH = NO;
				ENABLE_RESOURCE_ACCESS_CALENDARS = NO;
				ENABLE_RESOURCE_ACCESS_CAMERA = NO;
				ENABLE_RESOURCE_ACCESS_CONTACTS = NO;
				ENABLE_RESOURCE_ACCESS_LOCATION = NO;
				ENABLE_RESOURCE_ACCESS_PRINTING = NO;
				ENABLE_RESOURCE_ACCESS_USB = NO;
				ENABLE_USER_SELECTED_FILES = readonly;
				GENERATE_INFOPLIST_FILE = YES;
				INFOPLIST_KEY_NSHumanReadableCopyright = "";
				LD_RUNPATH_SEARCH_PATHS = (
					"$(inherited)",
					"@executable_path/../Frameworks",
				);
				MACOSX_DEPLOYMENT_TARGET = 26.0;
				MARKETING_VERSION = 1.0;
				NEW_SETTING = "";
				PRODUCT_BUNDLE_IDENTIFIER = name.pennig.replicould;
				PRODUCT_NAME = "$(TARGET_NAME)";
				REGISTER_APP_GROUPS = YES;
				STRING_CATALOG_GENERATE_SYMBOLS = YES;
				SWIFT_APPROACHABLE_CONCURRENCY = YES;
				SWIFT_DEFAULT_ACTOR_ISOLATION = nonisolated;
				SWIFT_EMIT_LOC_STRINGS = YES;
				SWIFT_UPCOMING_FEATURE_MEMBER_IMPORT_VISIBILITY = YES;
				SWIFT_VERSION = 6.0;
			};
			name = Release;
		};
/* End XCBuildConfiguration section */

/* Begin XCConfigurationList section */
		C922A8B12FDC493200431320 /* Build configuration list for PBXProject "Replicould" */ = {
			isa = XCConfigurationList;
			buildConfigurations = (
				C922A8BF2FDC493300431320 /* Debug */,
				C922A8C02FDC493300431320 /* Release */,
			);
			defaultConfigurationIsVisible = 0;
			defaultConfigurationName = Release;
		};
		C922A8C12FDC493300431320 /* Build configuration list for PBXNativeTarget "Replicould" */ = {
			isa = XCConfigurationList;
			buildConfigurations = (
				C922A8C22FDC493300431320 /* Debug */,
				C922A8C32FDC493300431320 /* Release */,
			);
			defaultConfigurationIsVisible = 0;
			defaultConfigurationName = Release;
		};
/* End XCConfigurationList section */

/* Begin XCRemoteSwiftPackageReference section */
		C9B530782FE0A6D1006F79A8 /* XCRemoteSwiftPackageReference "swift-composable-architecture" */ = {
			isa = XCRemoteSwiftPackageReference;
			repositoryURL = "https://github.com/pointfreeco/swift-composable-architecture";
			requirement = {
				kind = upToNextMajorVersion;
				minimumVersion = 1.26.0;
			};
			traits = (
			);
		};
/* End XCRemoteSwiftPackageReference section */

/* Begin XCSwiftPackageProductDependency section */
		C90D75CE2FED785C00B293DE /* AccountManager */ = {
			isa = XCSwiftPackageProductDependency;
			productName = AccountManager;
		};
		C9AB58FD2FEA4A3300536794 /* StarMapFeature */ = {
			isa = XCSwiftPackageProductDependency;
			productName = StarMapFeature;
		};
		C9B530792FE0A6D1006F79A8 /* ComposableArchitecture */ = {
			isa = XCSwiftPackageProductDependency;
			package = C9B530782FE0A6D1006F79A8 /* XCRemoteSwiftPackageReference "swift-composable-architecture" */;
			productName = ComposableArchitecture;
		};
		C9B530942FE1D3AA006F79A8 /* API */ = {
			isa = XCSwiftPackageProductDependency;
			productName = API;
		};
		C9B530962FE1D3AA006F79A8 /* UI */ = {
			isa = XCSwiftPackageProductDependency;
			productName = UI;
		};
		C9B530982FE1D3AA006F79A8 /* Utils */ = {
			isa = XCSwiftPackageProductDependency;
			productName = Utils;
		};
		C9B5309A2FE1DC5E006F79A8 /* LoginFeature */ = {
			isa = XCSwiftPackageProductDependency;
			productName = LoginFeature;
		};
		C9B5309C2FE1DEE2006F79A8 /* DependencyClients */ = {
			isa = XCSwiftPackageProductDependency;
			productName = DependencyClients;
		};
		C9B5309E2FE72B0B006F79A8 /* RawAPIFeature */ = {
			isa = XCSwiftPackageProductDependency;
			productName = RawAPIFeature;
		};
		C9D902122FE9DDC000781FBB /* MessagesFeature */ = {
			isa = XCSwiftPackageProductDependency;
			productName = MessagesFeature;
		};
/* End XCSwiftPackageProductDependency section */
	};
	rootObject = C922A8AE2FDC493200431320 /* Project object */;
}
